{
  "version": 4,
  "terraform_version": "1.4.7",
  "serial": 56,
  "lineage": "edb97bf0-45a1-7e89-cd2f-13ad7d60d2a1",
  "outputs": {
    "created_group_name": {
      "value": "testShayneGroup",
      "type": "string"
    },
    "role_binding_id": {
      "value": "EYNaCiYX6WFmoPxXCGMf-custom.TerraformTestShayne",
      "type": "string"
    }
  },
  "resources": [
    {
      "mode": "managed",
      "type": "hiiretail_iam_custom_role",
      "name": "test_custom_role",
      "provider": "provider[\"registry.terraform.io/extenda/hiiretail\"]",
      "instances": [
        {
          "schema_version": 0,
          "attributes": {
            "created_at": null,
            "description": "Test custom role created via Terraform",
            "id": "custom.TerraformTestShayne",
            "name": "TerraformTestShayne",
            "permissions": [
              {
                "attributes": {},
                "id": "iam.group.list"
              }
            ],
            "stage": null,
            "title": null,
            "updated_at": null
          },
          "sensitive_attributes": []
        }
      ]
    },
    {
      "mode": "managed",
      "type": "hiiretail_iam_group",
      "name": "test_group",
      "provider": "provider[\"registry.terraform.io/extenda/hiiretail\"]",
      "instances": [
        {
          "schema_version": 0,
          "attributes": {
            "description": "This is my second description",
            "id": "EYNaCiYX6WFmoPxXCGMf",
            "members": [],
            "name": "testShayneGroup"
          },
          "sensitive_attributes": []
        }
      ]
    },
    {
      "mode": "managed",
      "type": "hiiretail_iam_role_binding",
      "name": "test_role_binding",
      "provider": "provider[\"registry.terraform.io/extenda/hiiretail\"]",
      "instances": [
        {
          "schema_version": 0,
          "attributes": {
            "condition": null,
            "created_at": "",
            "id": "EYNaCiYX6WFmoPxXCGMf-custom.TerraformTestShayne",
            "members": [
              "group:testShayneGroup"
            ],
            "name": "test-role-binding-shayne",
            "role": "roles/custom.custom.TerraformTestShayne",
            "updated_at": ""
          },
          "sensitive_attributes": [],
          "dependencies": [
            "hiiretail_iam_custom_role.test_custom_role",
            "hiiretail_iam_group.test_group"
          ]
        }
      ]
    }
  ],
  "check_results": null
}
